
Microsoft Visual Studio Solution File, Format Version 12.00
# Visual Studio 15
VisualStudioVersion = 15.0.26124.0
MinimumVisualStudioVersion = 15.0.26124.0
Project("{FAE04EC0-301F-11D3-BF4B-00C04F79EFBC}") = "MyMellow.Api", "MyMellow.Api\MyMellow.Api.csproj", "{B78DE37B-F75B-461C-821A-E0A698FBA86A}"
EndProject
Project("{FAE04EC0-301F-11D3-BF4B-00C04F79EFBC}") = "MyMellow.Api.Test", "MyMellow.Api.Test\MyMellow.Api.Test.csproj", "{5AF2EA05-DF8C-4535-91DB-63641A5F7236}"
EndProject
Project("{FAE04EC0-301F-11D3-BF4B-00C04F79EFBC}") = "MyMellow.Application", "MyMellow.Application\MyMellow.Application.csproj", "{19DD6B19-12FF-4F70-B31D-B4CD19586C6C}"
EndProject
Project("{FAE04EC0-301F-11D3-BF4B-00C04F79EFBC}") = "MyMellow.Common", "MyMellow.Common\MyMellow.Common.csproj", "{5DDF7BC4-FE37-4878-A726-0A76E94A4C49}"
EndProject
Project("{FAE04EC0-301F-11D3-BF4B-00C04F79EFBC}") = "MyMellow.Domain", "MyMellow.Domain\MyMellow.Domain.csproj", "{353559CA-1C33-4A34-99CA-A29BBA3BDE9F}"
EndProject
Project("{FAE04EC0-301F-11D3-BF4B-00C04F79EFBC}") = "MyMellow.DbContext", "MyMellow.DbContext\MyMellow.DbContext.csproj", "{9C1F325C-7978-425F-B784-27B61399A79B}"
EndProject
Project("{FAE04EC0-301F-11D3-BF4B-00C04F79EFBC}") = "MyMellow.Test.Infrastructure", "MyMellow.Test.Infrastructure\MyMellow.Test.Infrastructure.csproj", "{8CD9B34D-9014-465A-9E88-3B2944414576}"
EndProject
Project("{FAE04EC0-301F-11D3-BF4B-00C04F79EFBC}") = "MyMellow.Seeder", "MyMellow.Seeder\MyMellow.Seeder.csproj", "{39E3C724-66C3-4273-AF7D-760BD9A3A739}"
EndProject
Global
	GlobalSection(SolutionConfigurationPlatforms) = preSolution
		Debug|Any CPU = Debug|Any CPU
		Debug|x64 = Debug|x64
		Debug|x86 = Debug|x86
		Release|Any CPU = Release|Any CPU
		Release|x64 = Release|x64
		Release|x86 = Release|x86
	EndGlobalSection
	GlobalSection(SolutionProperties) = preSolution
		HideSolutionNode = FALSE
	EndGlobalSection
	GlobalSection(ProjectConfigurationPlatforms) = postSolution
		{B78DE37B-F75B-461C-821A-E0A698FBA86A}.Debug|Any CPU.ActiveCfg = Debug|Any CPU
		{B78DE37B-F75B-461C-821A-E0A698FBA86A}.Debug|Any CPU.Build.0 = Debug|Any CPU
		{B78DE37B-F75B-461C-821A-E0A698FBA86A}.Debug|x64.ActiveCfg = Debug|Any CPU
		{B78DE37B-F75B-461C-821A-E0A698FBA86A}.Debug|x64.Build.0 = Debug|Any CPU
		{B78DE37B-F75B-461C-821A-E0A698FBA86A}.Debug|x86.ActiveCfg = Debug|Any CPU
		{B78DE37B-F75B-461C-821A-E0A698FBA86A}.Debug|x86.Build.0 = Debug|Any CPU
		{B78DE37B-F75B-461C-821A-E0A698FBA86A}.Release|Any CPU.ActiveCfg = Release|Any CPU
		{B78DE37B-F75B-461C-821A-E0A698FBA86A}.Release|Any CPU.Build.0 = Release|Any CPU
		{B78DE37B-F75B-461C-821A-E0A698FBA86A}.Release|x64.ActiveCfg = Release|Any CPU
		{B78DE37B-F75B-461C-821A-E0A698FBA86A}.Release|x64.Build.0 = Release|Any CPU
		{B78DE37B-F75B-461C-821A-E0A698FBA86A}.Release|x86.ActiveCfg = Release|Any CPU
		{B78DE37B-F75B-461C-821A-E0A698FBA86A}.Release|x86.Build.0 = Release|Any CPU
		{5AF2EA05-DF8C-4535-91DB-63641A5F7236}.Debug|Any CPU.ActiveCfg = Debug|Any CPU
		{5AF2EA05-DF8C-4535-91DB-63641A5F7236}.Debug|Any CPU.Build.0 = Debug|Any CPU
		{5AF2EA05-DF8C-4535-91DB-63641A5F7236}.Debug|x64.ActiveCfg = Debug|Any CPU
		{5AF2EA05-DF8C-4535-91DB-63641A5F7236}.Debug|x64.Build.0 = Debug|Any CPU
		{5AF2EA05-DF8C-4535-91DB-63641A5F7236}.Debug|x86.ActiveCfg = Debug|Any CPU
		{5AF2EA05-DF8C-4535-91DB-63641A5F7236}.Debug|x86.Build.0 = Debug|Any CPU
		{5AF2EA05-DF8C-4535-91DB-63641A5F7236}.Release|Any CPU.ActiveCfg = Release|Any CPU
		{5AF2EA05-DF8C-4535-91DB-63641A5F7236}.Release|Any CPU.Build.0 = Release|Any CPU
		{5AF2EA05-DF8C-4535-91DB-63641A5F7236}.Release|x64.ActiveCfg = Release|Any CPU
		{5AF2EA05-DF8C-4535-91DB-63641A5F7236}.Release|x64.Build.0 = Release|Any CPU
		{5AF2EA05-DF8C-4535-91DB-63641A5F7236}.Release|x86.ActiveCfg = Release|Any CPU
		{5AF2EA05-DF8C-4535-91DB-63641A5F7236}.Release|x86.Build.0 = Release|Any CPU
		{19DD6B19-12FF-4F70-B31D-B4CD19586C6C}.Debug|Any CPU.ActiveCfg = Debug|Any CPU
		{19DD6B19-12FF-4F70-B31D-B4CD19586C6C}.Debug|Any CPU.Build.0 = Debug|Any CPU
		{19DD6B19-12FF-4F70-B31D-B4CD19586C6C}.Debug|x64.ActiveCfg = Debug|Any CPU
		{19DD6B19-12FF-4F70-B31D-B4CD19586C6C}.Debug|x64.Build.0 = Debug|Any CPU
		{19DD6B19-12FF-4F70-B31D-B4CD19586C6C}.Debug|x86.ActiveCfg = Debug|Any CPU
		{19DD6B19-12FF-4F70-B31D-B4CD19586C6C}.Debug|x86.Build.0 = Debug|Any CPU
		{19DD6B19-12FF-4F70-B31D-B4CD19586C6C}.Release|Any CPU.ActiveCfg = Release|Any CPU
		{19DD6B19-12FF-4F70-B31D-B4CD19586C6C}.Release|Any CPU.Build.0 = Release|Any CPU
		{19DD6B19-12FF-4F70-B31D-B4CD19586C6C}.Release|x64.ActiveCfg = Release|Any CPU
		{19DD6B19-12FF-4F70-B31D-B4CD19586C6C}.Release|x64.Build.0 = Release|Any CPU
		{19DD6B19-12FF-4F70-B31D-B4CD19586C6C}.Release|x86.ActiveCfg = Release|Any CPU
		{19DD6B19-12FF-4F70-B31D-B4CD19586C6C}.Release|x86.Build.0 = Release|Any CPU
		{5DDF7BC4-FE37-4878-A726-0A76E94A4C49}.Debug|Any CPU.ActiveCfg = Debug|Any CPU
		{5DDF7BC4-FE37-4878-A726-0A76E94A4C49}.Debug|Any CPU.Build.0 = Debug|Any CPU
		{5DDF7BC4-FE37-4878-A726-0A76E94A4C49}.Debug|x64.ActiveCfg = Debug|Any CPU
		{5DDF7BC4-FE37-4878-A726-0A76E94A4C49}.Debug|x64.Build.0 = Debug|Any CPU
		{5DDF7BC4-FE37-4878-A726-0A76E94A4C49}.Debug|x86.ActiveCfg = Debug|Any CPU
		{5DDF7BC4-FE37-4878-A726-0A76E94A4C49}.Debug|x86.Build.0 = Debug|Any CPU
		{5DDF7BC4-FE37-4878-A726-0A76E94A4C49}.Release|Any CPU.ActiveCfg = Release|Any CPU
		{5DDF7BC4-FE37-4878-A726-0A76E94A4C49}.Release|Any CPU.Build.0 = Release|Any CPU
		{5DDF7BC4-FE37-4878-A726-0A76E94A4C49}.Release|x64.ActiveCfg = Release|Any CPU
		{5DDF7BC4-FE37-4878-A726-0A76E94A4C49}.Release|x64.Build.0 = Release|Any CPU
		{5DDF7BC4-FE37-4878-A726-0A76E94A4C49}.Release|x86.ActiveCfg = Release|Any CPU
		{5DDF7BC4-FE37-4878-A726-0A76E94A4C49}.Release|x86.Build.0 = Release|Any CPU
		{353559CA-1C33-4A34-99CA-A29BBA3BDE9F}.Debug|Any CPU.ActiveCfg = Debug|Any CPU
		{353559CA-1C33-4A34-99CA-A29BBA3BDE9F}.Debug|Any CPU.Build.0 = Debug|Any CPU
		{353559CA-1C33-4A34-99CA-A29BBA3BDE9F}.Debug|x64.ActiveCfg = Debug|Any CPU
		{353559CA-1C33-4A34-99CA-A29BBA3BDE9F}.Debug|x64.Build.0 = Debug|Any CPU
		{353559CA-1C33-4A34-99CA-A29BBA3BDE9F}.Debug|x86.ActiveCfg = Debug|Any CPU
		{353559CA-1C33-4A34-99CA-A29BBA3BDE9F}.Debug|x86.Build.0 = Debug|Any CPU
		{353559CA-1C33-4A34-99CA-A29BBA3BDE9F}.Release|Any CPU.ActiveCfg = Release|Any CPU
		{353559CA-1C33-4A34-99CA-A29BBA3BDE9F}.Release|Any CPU.Build.0 = Release|Any CPU
		{353559CA-1C33-4A34-99CA-A29BBA3BDE9F}.Release|x64.ActiveCfg = Release|Any CPU
		{353559CA-1C33-4A34-99CA-A29BBA3BDE9F}.Release|x64.Build.0 = Release|Any CPU
		{353559CA-1C33-4A34-99CA-A29BBA3BDE9F}.Release|x86.ActiveCfg = Release|Any CPU
		{353559CA-1C33-4A34-99CA-A29BBA3BDE9F}.Release|x86.Build.0 = Release|Any CPU
		{9C1F325C-7978-425F-B784-27B61399A79B}.Debug|Any CPU.ActiveCfg = Debug|Any CPU
		{9C1F325C-7978-425F-B784-27B61399A79B}.Debug|Any CPU.Build.0 = Debug|Any CPU
		{9C1F325C-7978-425F-B784-27B61399A79B}.Debug|x64.ActiveCfg = Debug|Any CPU
		{9C1F325C-7978-425F-B784-27B61399A79B}.Debug|x64.Build.0 = Debug|Any CPU
		{9C1F325C-7978-425F-B784-27B61399A79B}.Debug|x86.ActiveCfg = Debug|Any CPU
		{9C1F325C-7978-425F-B784-27B61399A79B}.Debug|x86.Build.0 = Debug|Any CPU
		{9C1F325C-7978-425F-B784-27B61399A79B}.Release|Any CPU.ActiveCfg = Release|Any CPU
		{9C1F325C-7978-425F-B784-27B61399A79B}.Release|Any CPU.Build.0 = Release|Any CPU
		{9C1F325C-7978-425F-B784-27B61399A79B}.Release|x64.ActiveCfg = Release|Any CPU
		{9C1F325C-7978-425F-B784-27B61399A79B}.Release|x64.Build.0 = Release|Any CPU
		{9C1F325C-7978-425F-B784-27B61399A79B}.Release|x86.ActiveCfg = Release|Any CPU
		{9C1F325C-7978-425F-B784-27B61399A79B}.Release|x86.Build.0 = Release|Any CPU
		{21F9DAC4-A510-42AD-8E7C-9CAD528B9E04}.Debug|Any CPU.ActiveCfg = Debug|Any CPU
		{21F9DAC4-A510-42AD-8E7C-9CAD528B9E04}.Debug|Any CPU.Build.0 = Debug|Any CPU
		{21F9DAC4-A510-42AD-8E7C-9CAD528B9E04}.Debug|x64.ActiveCfg = Debug|Any CPU
		{21F9DAC4-A510-42AD-8E7C-9CAD528B9E04}.Debug|x64.Build.0 = Debug|Any CPU
		{21F9DAC4-A510-42AD-8E7C-9CAD528B9E04}.Debug|x86.ActiveCfg = Debug|Any CPU
		{21F9DAC4-A510-42AD-8E7C-9CAD528B9E04}.Debug|x86.Build.0 = Debug|Any CPU
		{21F9DAC4-A510-42AD-8E7C-9CAD528B9E04}.Release|Any CPU.ActiveCfg = Release|Any CPU
		{21F9DAC4-A510-42AD-8E7C-9CAD528B9E04}.Release|Any CPU.Build.0 = Release|Any CPU
		{21F9DAC4-A510-42AD-8E7C-9CAD528B9E04}.Release|x64.ActiveCfg = Release|Any CPU
		{21F9DAC4-A510-42AD-8E7C-9CAD528B9E04}.Release|x64.Build.0 = Release|Any CPU
		{21F9DAC4-A510-42AD-8E7C-9CAD528B9E04}.Release|x86.ActiveCfg = Release|Any CPU
		{21F9DAC4-A510-42AD-8E7C-9CAD528B9E04}.Release|x86.Build.0 = Release|Any CPU
		{8CD9B34D-9014-465A-9E88-3B2944414576}.Debug|Any CPU.ActiveCfg = Debug|Any CPU
		{8CD9B34D-9014-465A-9E88-3B2944414576}.Debug|Any CPU.Build.0 = Debug|Any CPU
		{8CD9B34D-9014-465A-9E88-3B2944414576}.Debug|x64.ActiveCfg = Debug|Any CPU
		{8CD9B34D-9014-465A-9E88-3B2944414576}.Debug|x64.Build.0 = Debug|Any CPU
		{8CD9B34D-9014-465A-9E88-3B2944414576}.Debug|x86.ActiveCfg = Debug|Any CPU
		{8CD9B34D-9014-465A-9E88-3B2944414576}.Debug|x86.Build.0 = Debug|Any CPU
		{8CD9B34D-9014-465A-9E88-3B2944414576}.Release|Any CPU.ActiveCfg = Release|Any CPU
		{8CD9B34D-9014-465A-9E88-3B2944414576}.Release|Any CPU.Build.0 = Release|Any CPU
		{8CD9B34D-9014-465A-9E88-3B2944414576}.Release|x64.ActiveCfg = Release|Any CPU
		{8CD9B34D-9014-465A-9E88-3B2944414576}.Release|x64.Build.0 = Release|Any CPU
		{8CD9B34D-9014-465A-9E88-3B2944414576}.Release|x86.ActiveCfg = Release|Any CPU
		{8CD9B34D-9014-465A-9E88-3B2944414576}.Release|x86.Build.0 = Release|Any CPU
		{39E3C724-66C3-4273-AF7D-760BD9A3A739}.Debug|Any CPU.ActiveCfg = Debug|Any CPU
		{39E3C724-66C3-4273-AF7D-760BD9A3A739}.Debug|Any CPU.Build.0 = Debug|Any CPU
		{39E3C724-66C3-4273-AF7D-760BD9A3A739}.Debug|x64.ActiveCfg = Debug|Any CPU
		{39E3C724-66C3-4273-AF7D-760BD9A3A739}.Debug|x64.Build.0 = Debug|Any CPU
		{39E3C724-66C3-4273-AF7D-760BD9A3A739}.Debug|x86.ActiveCfg = Debug|Any CPU
		{39E3C724-66C3-4273-AF7D-760BD9A3A739}.Debug|x86.Build.0 = Debug|Any CPU
		{39E3C724-66C3-4273-AF7D-760BD9A3A739}.Release|Any CPU.ActiveCfg = Release|Any CPU
		{39E3C724-66C3-4273-AF7D-760BD9A3A739}.Release|Any CPU.Build.0 = Release|Any CPU
		{39E3C724-66C3-4273-AF7D-760BD9A3A739}.Release|x64.ActiveCfg = Release|Any CPU
		{39E3C724-66C3-4273-AF7D-760BD9A3A739}.Release|x64.Build.0 = Release|Any CPU
		{39E3C724-66C3-4273-AF7D-760BD9A3A739}.Release|x86.ActiveCfg = Release|Any CPU
		{39E3C724-66C3-4273-AF7D-760BD9A3A739}.Release|x86.Build.0 = Release|Any CPU
	EndGlobalSection
EndGlobal
